
Microsoft Visual Studio Solution File, Format Version 12.00
# Visual Studio Version 17
VisualStudioVersion = 17.0.32126.317
MinimumVisualStudioVersion = 10.0.40219.1
Project("{F184B08F-C81C-45F6-A57F-5ABD9991F28F}") = "201801347_ENVIOS", "201801347_ENVIOS.vbproj", "{D2B7931E-F5BF-478F-9F58-3C94150C562B}"
EndProject
Global
	GlobalSection(SolutionConfigurationPlatforms) = preSolution
		Debug|Any CPU = Debug|Any CPU
		Release|Any CPU = Release|Any CPU
	EndGlobalSection
	GlobalSection(ProjectConfigurationPlatforms) = postSolution
		{D2B7931E-F5BF-478F-9F58-3C94150C562B}.Debug|Any CPU.ActiveCfg = Debug|Any CPU
		{D2B7931E-F5BF-478F-9F58-3C94150C562B}.Debug|Any CPU.Build.0 = Debug|Any CPU
		{D2B7931E-F5BF-478F-9F58-3C94150C562B}.Release|Any CPU.ActiveCfg = Release|Any CPU
		{D2B7931E-F5BF-478F-9F58-3C94150C562B}.Release|Any CPU.Build.0 = Release|Any CPU
	EndGlobalSection
	GlobalSection(SolutionProperties) = preSolution
		HideSolutionNode = FALSE
	EndGlobalSection
	GlobalSection(ExtensibilityGlobals) = postSolution
		SolutionGuid = {3AB7A1D6-23B4-4E6E-A0DC-BB13D5B96B46}
	EndGlobalSection
EndGlobal
