
Microsoft Visual Studio Solution File, Format Version 12.00
# Visual Studio Version 17
VisualStudioVersion = 17.0.32112.339
MinimumVisualStudioVersion = 10.0.40219.1
Project("{F184B08F-C81C-45F6-A57F-5ABD9991F28F}") = "201801347_tienda", "201801347_tienda.vbproj", "{1DE2CF61-05DF-4D51-8675-E1236D8B904C}"
EndProject
Global
	GlobalSection(SolutionConfigurationPlatforms) = preSolution
		Debug|Any CPU = Debug|Any CPU
		Release|Any CPU = Release|Any CPU
	EndGlobalSection
	GlobalSection(ProjectConfigurationPlatforms) = postSolution
		{1DE2CF61-05DF-4D51-8675-E1236D8B904C}.Debug|Any CPU.ActiveCfg = Debug|Any CPU
		{1DE2CF61-05DF-4D51-8675-E1236D8B904C}.Debug|Any CPU.Build.0 = Debug|Any CPU
		{1DE2CF61-05DF-4D51-8675-E1236D8B904C}.Release|Any CPU.ActiveCfg = Release|Any CPU
		{1DE2CF61-05DF-4D51-8675-E1236D8B904C}.Release|Any CPU.Build.0 = Release|Any CPU
	EndGlobalSection
	GlobalSection(SolutionProperties) = preSolution
		HideSolutionNode = FALSE
	EndGlobalSection
	GlobalSection(ExtensibilityGlobals) = postSolution
		SolutionGuid = {A34803A3-7389-4184-A835-058AB459B16E}
	EndGlobalSection
EndGlobal
